// !$*UTF8*$!
{
	archiveVersion = 1;
	classes = {
	};
	objectVersion = 47;
	objects = {

/* Begin PBXBuildFile section */
		52D6D9871BEFF229002C0205 /* Hydra.framework in Frameworks */ = {isa = PBXBuildFile; fileRef = 52D6D97C1BEFF229002C0205 /* Hydra.framework */; };
		6499869520458B500042EE10 /* Channel+Filters.swift in Sources */ = {isa = PBXBuildFile; fileRef = 6499869420458B500042EE10 /* Channel+Filters.swift */; };
		6499869620458C0C0042EE10 /* Channel+Filters.swift in Sources */ = {isa = PBXBuildFile; fileRef = 6499869420458B500042EE10 /* Channel+Filters.swift */; };
		6499869720458C0D0042EE10 /* Channel+Filters.swift in Sources */ = {isa = PBXBuildFile; fileRef = 6499869420458B500042EE10 /* Channel+Filters.swift */; };
		6499869820458C0D0042EE10 /* Channel+Filters.swift in Sources */ = {isa = PBXBuildFile; fileRef = 6499869420458B500042EE10 /* Channel+Filters.swift */; };
		6499869920458C0E0042EE10 /* Channel+Filters.swift in Sources */ = {isa = PBXBuildFile; fileRef = 6499869420458B500042EE10 /* Channel+Filters.swift */; };
		6499869B20458E690042EE10 /* Dispatch.swift in Sources */ = {isa = PBXBuildFile; fileRef = 6499869A20458E690042EE10 /* Dispatch.swift */; };
		6499869C20458EAD0042EE10 /* Dispatch.swift in Sources */ = {isa = PBXBuildFile; fileRef = 6499869A20458E690042EE10 /* Dispatch.swift */; };
		6499869D20458EAD0042EE10 /* Dispatch.swift in Sources */ = {isa = PBXBuildFile; fileRef = 6499869A20458E690042EE10 /* Dispatch.swift */; };
		6499869E20458EAE0042EE10 /* Dispatch.swift in Sources */ = {isa = PBXBuildFile; fileRef = 6499869A20458E690042EE10 /* Dispatch.swift */; };
		6499869F20458EAE0042EE10 /* Dispatch.swift in Sources */ = {isa = PBXBuildFile; fileRef = 6499869A20458E690042EE10 /* Dispatch.swift */; };
		649986A12045A9940042EE10 /* OptionalProtocol.swift in Sources */ = {isa = PBXBuildFile; fileRef = 649986A02045A9940042EE10 /* OptionalProtocol.swift */; };
		649986A22045A9970042EE10 /* OptionalProtocol.swift in Sources */ = {isa = PBXBuildFile; fileRef = 649986A02045A9940042EE10 /* OptionalProtocol.swift */; };
		649986A32045A9970042EE10 /* OptionalProtocol.swift in Sources */ = {isa = PBXBuildFile; fileRef = 649986A02045A9940042EE10 /* OptionalProtocol.swift */; };
		649986A42045A9970042EE10 /* OptionalProtocol.swift in Sources */ = {isa = PBXBuildFile; fileRef = 649986A02045A9940042EE10 /* OptionalProtocol.swift */; };
		649986A52045A9980042EE10 /* OptionalProtocol.swift in Sources */ = {isa = PBXBuildFile; fileRef = 649986A02045A9940042EE10 /* OptionalProtocol.swift */; };
		64E9693E2044AD3900AFBA01 /* Channel+Makers.swift in Sources */ = {isa = PBXBuildFile; fileRef = 64E9693D2044AD3900AFBA01 /* Channel+Makers.swift */; };
		64E9693F2044AD3900AFBA01 /* Channel+Makers.swift in Sources */ = {isa = PBXBuildFile; fileRef = 64E9693D2044AD3900AFBA01 /* Channel+Makers.swift */; };
		64E969402044AD3900AFBA01 /* Channel+Makers.swift in Sources */ = {isa = PBXBuildFile; fileRef = 64E9693D2044AD3900AFBA01 /* Channel+Makers.swift */; };
		64E969412044AD3900AFBA01 /* Channel+Makers.swift in Sources */ = {isa = PBXBuildFile; fileRef = 64E9693D2044AD3900AFBA01 /* Channel+Makers.swift */; };
		64E969422044AD3900AFBA01 /* Channel+Makers.swift in Sources */ = {isa = PBXBuildFile; fileRef = 64E9693D2044AD3900AFBA01 /* Channel+Makers.swift */; };
		64E969442044B29100AFBA01 /* Repeat.swift in Sources */ = {isa = PBXBuildFile; fileRef = 64E969432044B29000AFBA01 /* Repeat.swift */; };
		64E969452044B29100AFBA01 /* Repeat.swift in Sources */ = {isa = PBXBuildFile; fileRef = 64E969432044B29000AFBA01 /* Repeat.swift */; };
		64E969462044B29100AFBA01 /* Repeat.swift in Sources */ = {isa = PBXBuildFile; fileRef = 64E969432044B29000AFBA01 /* Repeat.swift */; };
		64E969472044B29100AFBA01 /* Repeat.swift in Sources */ = {isa = PBXBuildFile; fileRef = 64E969432044B29000AFBA01 /* Repeat.swift */; };
		64E969482044B29100AFBA01 /* Repeat.swift in Sources */ = {isa = PBXBuildFile; fileRef = 64E969432044B29000AFBA01 /* Repeat.swift */; };
		64E9694A2044B89300AFBA01 /* Channel+Transforms.swift in Sources */ = {isa = PBXBuildFile; fileRef = 64E969492044B89300AFBA01 /* Channel+Transforms.swift */; };
		64E9694B2044B89300AFBA01 /* Channel+Transforms.swift in Sources */ = {isa = PBXBuildFile; fileRef = 64E969492044B89300AFBA01 /* Channel+Transforms.swift */; };
		64E9694C2044B89300AFBA01 /* Channel+Transforms.swift in Sources */ = {isa = PBXBuildFile; fileRef = 64E969492044B89300AFBA01 /* Channel+Transforms.swift */; };
		64E9694D2044B89300AFBA01 /* Channel+Transforms.swift in Sources */ = {isa = PBXBuildFile; fileRef = 64E969492044B89300AFBA01 /* Channel+Transforms.swift */; };
		64E9694E2044B89300AFBA01 /* Channel+Transforms.swift in Sources */ = {isa = PBXBuildFile; fileRef = 64E969492044B89300AFBA01 /* Channel+Transforms.swift */; };
		64E9789A2043F4E600776F9A /* AppDelegate.swift in Sources */ = {isa = PBXBuildFile; fileRef = 64E978992043F4E600776F9A /* AppDelegate.swift */; };
		64E9789C2043F4E600776F9A /* ViewController.swift in Sources */ = {isa = PBXBuildFile; fileRef = 64E9789B2043F4E600776F9A /* ViewController.swift */; };
		64E9789F2043F4E600776F9A /* Main.storyboard in Resources */ = {isa = PBXBuildFile; fileRef = 64E9789D2043F4E600776F9A /* Main.storyboard */; };
		64E978A12043F4E600776F9A /* Assets.xcassets in Resources */ = {isa = PBXBuildFile; fileRef = 64E978A02043F4E600776F9A /* Assets.xcassets */; };
		64E978A42043F4E600776F9A /* LaunchScreen.storyboard in Resources */ = {isa = PBXBuildFile; fileRef = 64E978A22043F4E600776F9A /* LaunchScreen.storyboard */; };
		64E978AA2043F4FA00776F9A /* Event.swift in Sources */ = {isa = PBXBuildFile; fileRef = 64E978A92043F4FA00776F9A /* Event.swift */; };
		64E978AB2043F4FA00776F9A /* Event.swift in Sources */ = {isa = PBXBuildFile; fileRef = 64E978A92043F4FA00776F9A /* Event.swift */; };
		64E978AC2043F4FA00776F9A /* Event.swift in Sources */ = {isa = PBXBuildFile; fileRef = 64E978A92043F4FA00776F9A /* Event.swift */; };
		64E978AD2043F4FA00776F9A /* Event.swift in Sources */ = {isa = PBXBuildFile; fileRef = 64E978A92043F4FA00776F9A /* Event.swift */; };
		64E978AE2043F4FA00776F9A /* Event.swift in Sources */ = {isa = PBXBuildFile; fileRef = 64E978A92043F4FA00776F9A /* Event.swift */; };
		64E978B02043F66D00776F9A /* Channel.swift in Sources */ = {isa = PBXBuildFile; fileRef = 64E978AF2043F66D00776F9A /* Channel.swift */; };
		64E978B12043F66D00776F9A /* Channel.swift in Sources */ = {isa = PBXBuildFile; fileRef = 64E978AF2043F66D00776F9A /* Channel.swift */; };
		64E978B22043F66D00776F9A /* Channel.swift in Sources */ = {isa = PBXBuildFile; fileRef = 64E978AF2043F66D00776F9A /* Channel.swift */; };
		64E978B32043F66D00776F9A /* Channel.swift in Sources */ = {isa = PBXBuildFile; fileRef = 64E978AF2043F66D00776F9A /* Channel.swift */; };
		64E978B42043F66D00776F9A /* Channel.swift in Sources */ = {isa = PBXBuildFile; fileRef = 64E978AF2043F66D00776F9A /* Channel.swift */; };
		64E978B62043F69900776F9A /* Subscriber.swift in Sources */ = {isa = PBXBuildFile; fileRef = 64E978B52043F69900776F9A /* Subscriber.swift */; };
		64E978B72043F69900776F9A /* Subscriber.swift in Sources */ = {isa = PBXBuildFile; fileRef = 64E978B52043F69900776F9A /* Subscriber.swift */; };
		64E978B82043F69900776F9A /* Subscriber.swift in Sources */ = {isa = PBXBuildFile; fileRef = 64E978B52043F69900776F9A /* Subscriber.swift */; };
		64E978B92043F69900776F9A /* Subscriber.swift in Sources */ = {isa = PBXBuildFile; fileRef = 64E978B52043F69900776F9A /* Subscriber.swift */; };
		64E978BA2043F69900776F9A /* Subscriber.swift in Sources */ = {isa = PBXBuildFile; fileRef = 64E978B52043F69900776F9A /* Subscriber.swift */; };
		64E978BC2043F6C900776F9A /* Disposable.swift in Sources */ = {isa = PBXBuildFile; fileRef = 64E978BB2043F6C900776F9A /* Disposable.swift */; };
		64E978BD2043F6C900776F9A /* Disposable.swift in Sources */ = {isa = PBXBuildFile; fileRef = 64E978BB2043F6C900776F9A /* Disposable.swift */; };
		64E978BE2043F6C900776F9A /* Disposable.swift in Sources */ = {isa = PBXBuildFile; fileRef = 64E978BB2043F6C900776F9A /* Disposable.swift */; };
		64E978BF2043F6C900776F9A /* Disposable.swift in Sources */ = {isa = PBXBuildFile; fileRef = 64E978BB2043F6C900776F9A /* Disposable.swift */; };
		64E978C02043F6C900776F9A /* Disposable.swift in Sources */ = {isa = PBXBuildFile; fileRef = 64E978BB2043F6C900776F9A /* Disposable.swift */; };
		64E978C22043F91A00776F9A /* Mutex.swift in Sources */ = {isa = PBXBuildFile; fileRef = 64E978C12043F91A00776F9A /* Mutex.swift */; };
		64E978C32043F91A00776F9A /* Mutex.swift in Sources */ = {isa = PBXBuildFile; fileRef = 64E978C12043F91A00776F9A /* Mutex.swift */; };
		64E978C42043F91A00776F9A /* Mutex.swift in Sources */ = {isa = PBXBuildFile; fileRef = 64E978C12043F91A00776F9A /* Mutex.swift */; };
		64E978C52043F91A00776F9A /* Mutex.swift in Sources */ = {isa = PBXBuildFile; fileRef = 64E978C12043F91A00776F9A /* Mutex.swift */; };
		64E978C62043F91A00776F9A /* Mutex.swift in Sources */ = {isa = PBXBuildFile; fileRef = 64E978C12043F91A00776F9A /* Mutex.swift */; };
		8933C7851EB5B820000D00A4 /* Hydra.swift in Sources */ = {isa = PBXBuildFile; fileRef = 8933C7841EB5B820000D00A4 /* Hydra.swift */; };
		8933C7861EB5B820000D00A4 /* Hydra.swift in Sources */ = {isa = PBXBuildFile; fileRef = 8933C7841EB5B820000D00A4 /* Hydra.swift */; };
		8933C7871EB5B820000D00A4 /* Hydra.swift in Sources */ = {isa = PBXBuildFile; fileRef = 8933C7841EB5B820000D00A4 /* Hydra.swift */; };
		8933C7881EB5B820000D00A4 /* Hydra.swift in Sources */ = {isa = PBXBuildFile; fileRef = 8933C7841EB5B820000D00A4 /* Hydra.swift */; };
		8933C78E1EB5B82C000D00A4 /* HydraTests.swift in Sources */ = {isa = PBXBuildFile; fileRef = 8933C7891EB5B82A000D00A4 /* HydraTests.swift */; };
		8933C78F1EB5B82C000D00A4 /* HydraTests.swift in Sources */ = {isa = PBXBuildFile; fileRef = 8933C7891EB5B82A000D00A4 /* HydraTests.swift */; };
		8933C7901EB5B82D000D00A4 /* HydraTests.swift in Sources */ = {isa = PBXBuildFile; fileRef = 8933C7891EB5B82A000D00A4 /* HydraTests.swift */; };
		DD7502881C68FEDE006590AF /* Hydra.framework in Frameworks */ = {isa = PBXBuildFile; fileRef = 52D6DA0F1BF000BD002C0205 /* Hydra.framework */; };
		DD7502921C690C7A006590AF /* Hydra.framework in Frameworks */ = {isa = PBXBuildFile; fileRef = 52D6D9F01BEFFFBE002C0205 /* Hydra.framework */; };
/* End PBXBuildFile section */

/* Begin PBXContainerItemProxy section */
		52D6D9881BEFF229002C0205 /* PBXContainerItemProxy */ = {
			isa = PBXContainerItemProxy;
			containerPortal = 52D6D9731BEFF229002C0205 /* Project object */;
			proxyType = 1;
			remoteGlobalIDString = 52D6D97B1BEFF229002C0205;
			remoteInfo = Hydra;
		};
		DD7502801C68FCFC006590AF /* PBXContainerItemProxy */ = {
			isa = PBXContainerItemProxy;
			containerPortal = 52D6D9731BEFF229002C0205 /* Project object */;
			proxyType = 1;
			remoteGlobalIDString = 52D6DA0E1BF000BD002C0205;
			remoteInfo = "Hydra-macOS";
		};
		DD7502931C690C7A006590AF /* PBXContainerItemProxy */ = {
			isa = PBXContainerItemProxy;
			containerPortal = 52D6D9731BEFF229002C0205 /* Project object */;
			proxyType = 1;
			remoteGlobalIDString = 52D6D9EF1BEFFFBE002C0205;
			remoteInfo = "Hydra-tvOS";
		};
/* End PBXContainerItemProxy section */

/* Begin PBXFileReference section */
		52D6D97C1BEFF229002C0205 /* Hydra.framework */ = {isa = PBXFileReference; explicitFileType = wrapper.framework; includeInIndex = 0; path = Hydra.framework; sourceTree = BUILT_PRODUCTS_DIR; };
		52D6D9861BEFF229002C0205 /* Hydra-iOS Tests.xctest */ = {isa = PBXFileReference; explicitFileType = wrapper.cfbundle; includeInIndex = 0; path = "Hydra-iOS Tests.xctest"; sourceTree = BUILT_PRODUCTS_DIR; };
		52D6D9E21BEFFF6E002C0205 /* Hydra.framework */ = {isa = PBXFileReference; explicitFileType = wrapper.framework; includeInIndex = 0; path = Hydra.framework; sourceTree = BUILT_PRODUCTS_DIR; };
		52D6D9F01BEFFFBE002C0205 /* Hydra.framework */ = {isa = PBXFileReference; explicitFileType = wrapper.framework; includeInIndex = 0; path = Hydra.framework; sourceTree = BUILT_PRODUCTS_DIR; };
		52D6DA0F1BF000BD002C0205 /* Hydra.framework */ = {isa = PBXFileReference; explicitFileType = wrapper.framework; includeInIndex = 0; path = Hydra.framework; sourceTree = BUILT_PRODUCTS_DIR; };
		6499869420458B500042EE10 /* Channel+Filters.swift */ = {isa = PBXFileReference; lastKnownFileType = sourcecode.swift; path = "Channel+Filters.swift"; sourceTree = "<group>"; };
		6499869A20458E690042EE10 /* Dispatch.swift */ = {isa = PBXFileReference; lastKnownFileType = sourcecode.swift; path = Dispatch.swift; sourceTree = "<group>"; };
		649986A02045A9940042EE10 /* OptionalProtocol.swift */ = {isa = PBXFileReference; lastKnownFileType = sourcecode.swift; path = OptionalProtocol.swift; sourceTree = "<group>"; };
		64E9693D2044AD3900AFBA01 /* Channel+Makers.swift */ = {isa = PBXFileReference; lastKnownFileType = sourcecode.swift; path = "Channel+Makers.swift"; sourceTree = "<group>"; };
		64E969432044B29000AFBA01 /* Repeat.swift */ = {isa = PBXFileReference; fileEncoding = 4; lastKnownFileType = sourcecode.swift; path = Repeat.swift; sourceTree = "<group>"; };
		64E969492044B89300AFBA01 /* Channel+Transforms.swift */ = {isa = PBXFileReference; lastKnownFileType = sourcecode.swift; path = "Channel+Transforms.swift"; sourceTree = "<group>"; };
		64E978972043F4E600776F9A /* Demo.app */ = {isa = PBXFileReference; explicitFileType = wrapper.application; includeInIndex = 0; path = Demo.app; sourceTree = BUILT_PRODUCTS_DIR; };
		64E978992043F4E600776F9A /* AppDelegate.swift */ = {isa = PBXFileReference; lastKnownFileType = sourcecode.swift; path = AppDelegate.swift; sourceTree = "<group>"; };
		64E9789B2043F4E600776F9A /* ViewController.swift */ = {isa = PBXFileReference; lastKnownFileType = sourcecode.swift; path = ViewController.swift; sourceTree = "<group>"; };
		64E9789E2043F4E600776F9A /* Base */ = {isa = PBXFileReference; lastKnownFileType = file.storyboard; name = Base; path = Base.lproj/Main.storyboard; sourceTree = "<group>"; };
		64E978A02043F4E600776F9A /* Assets.xcassets */ = {isa = PBXFileReference; lastKnownFileType = folder.assetcatalog; path = Assets.xcassets; sourceTree = "<group>"; };
		64E978A32043F4E600776F9A /* Base */ = {isa = PBXFileReference; lastKnownFileType = file.storyboard; name = Base; path = Base.lproj/LaunchScreen.storyboard; sourceTree = "<group>"; };
		64E978A52043F4E600776F9A /* Info.plist */ = {isa = PBXFileReference; lastKnownFileType = text.plist.xml; path = Info.plist; sourceTree = "<group>"; };
		64E978A92043F4FA00776F9A /* Event.swift */ = {isa = PBXFileReference; lastKnownFileType = sourcecode.swift; path = Event.swift; sourceTree = "<group>"; };
		64E978AF2043F66D00776F9A /* Channel.swift */ = {isa = PBXFileReference; lastKnownFileType = sourcecode.swift; path = Channel.swift; sourceTree = "<group>"; };
		64E978B52043F69900776F9A /* Subscriber.swift */ = {isa = PBXFileReference; lastKnownFileType = sourcecode.swift; path = Subscriber.swift; sourceTree = "<group>"; };
		64E978BB2043F6C900776F9A /* Disposable.swift */ = {isa = PBXFileReference; lastKnownFileType = sourcecode.swift; path = Disposable.swift; sourceTree = "<group>"; };
		64E978C12043F91A00776F9A /* Mutex.swift */ = {isa = PBXFileReference; lastKnownFileType = sourcecode.swift; path = Mutex.swift; sourceTree = "<group>"; };
		8933C7841EB5B820000D00A4 /* Hydra.swift */ = {isa = PBXFileReference; fileEncoding = 4; lastKnownFileType = sourcecode.swift; path = Hydra.swift; sourceTree = "<group>"; };
		8933C7891EB5B82A000D00A4 /* HydraTests.swift */ = {isa = PBXFileReference; fileEncoding = 4; lastKnownFileType = sourcecode.swift; path = HydraTests.swift; sourceTree = "<group>"; };
		AD2FAA261CD0B6D800659CF4 /* Hydra.plist */ = {isa = PBXFileReference; fileEncoding = 4; lastKnownFileType = text.plist.xml; path = Hydra.plist; sourceTree = "<group>"; };
		AD2FAA281CD0B6E100659CF4 /* HydraTests.plist */ = {isa = PBXFileReference; fileEncoding = 4; lastKnownFileType = text.plist.xml; path = HydraTests.plist; sourceTree = "<group>"; };
		DD75027A1C68FCFC006590AF /* Hydra-macOS Tests.xctest */ = {isa = PBXFileReference; explicitFileType = wrapper.cfbundle; includeInIndex = 0; path = "Hydra-macOS Tests.xctest"; sourceTree = BUILT_PRODUCTS_DIR; };
		DD75028D1C690C7A006590AF /* Hydra-tvOS Tests.xctest */ = {isa = PBXFileReference; explicitFileType = wrapper.cfbundle; includeInIndex = 0; path = "Hydra-tvOS Tests.xctest"; sourceTree = BUILT_PRODUCTS_DIR; };
/* End PBXFileReference section */

/* Begin PBXFrameworksBuildPhase section */
		52D6D9781BEFF229002C0205 /* Frameworks */ = {
			isa = PBXFrameworksBuildPhase;
			buildActionMask = 2147483647;
			files = (
			);
			runOnlyForDeploymentPostprocessing = 0;
		};
		52D6D9831BEFF229002C0205 /* Frameworks */ = {
			isa = PBXFrameworksBuildPhase;
			buildActionMask = 2147483647;
			files = (
				52D6D9871BEFF229002C0205 /* Hydra.framework in Frameworks */,
			);
			runOnlyForDeploymentPostprocessing = 0;
		};
		52D6D9DE1BEFFF6E002C0205 /* Frameworks */ = {
			isa = PBXFrameworksBuildPhase;
			buildActionMask = 2147483647;
			files = (
			);
			runOnlyForDeploymentPostprocessing = 0;
		};
		52D6D9EC1BEFFFBE002C0205 /* Frameworks */ = {
			isa = PBXFrameworksBuildPhase;
			buildActionMask = 2147483647;
			files = (
			);
			runOnlyForDeploymentPostprocessing = 0;
		};
		52D6DA0B1BF000BD002C0205 /* Frameworks */ = {
			isa = PBXFrameworksBuildPhase;
			buildActionMask = 2147483647;
			files = (
			);
			runOnlyForDeploymentPostprocessing = 0;
		};
		64E978942043F4E600776F9A /* Frameworks */ = {
			isa = PBXFrameworksBuildPhase;
			buildActionMask = 2147483647;
			files = (
			);
			runOnlyForDeploymentPostprocessing = 0;
		};
		DD7502771C68FCFC006590AF /* Frameworks */ = {
			isa = PBXFrameworksBuildPhase;
			buildActionMask = 2147483647;
			files = (
				DD7502881C68FEDE006590AF /* Hydra.framework in Frameworks */,
			);
			runOnlyForDeploymentPostprocessing = 0;
		};
		DD75028A1C690C7A006590AF /* Frameworks */ = {
			isa = PBXFrameworksBuildPhase;
			buildActionMask = 2147483647;
			files = (
				DD7502921C690C7A006590AF /* Hydra.framework in Frameworks */,
			);
			runOnlyForDeploymentPostprocessing = 0;
		};
/* End PBXFrameworksBuildPhase section */

/* Begin PBXGroup section */
		52D6D9721BEFF229002C0205 = {
			isa = PBXGroup;
			children = (
				8933C7811EB5B7E0000D00A4 /* Sources */,
				8933C7831EB5B7EB000D00A4 /* Tests */,
				52D6D99C1BEFF38C002C0205 /* Configs */,
				64E978982043F4E600776F9A /* Demo */,
				52D6D97D1BEFF229002C0205 /* Products */,
			);
			sourceTree = "<group>";
		};
		52D6D97D1BEFF229002C0205 /* Products */ = {
			isa = PBXGroup;
			children = (
				52D6D97C1BEFF229002C0205 /* Hydra.framework */,
				52D6D9861BEFF229002C0205 /* Hydra-iOS Tests.xctest */,
				52D6D9E21BEFFF6E002C0205 /* Hydra.framework */,
				52D6D9F01BEFFFBE002C0205 /* Hydra.framework */,
				52D6DA0F1BF000BD002C0205 /* Hydra.framework */,
				DD75027A1C68FCFC006590AF /* Hydra-macOS Tests.xctest */,
				DD75028D1C690C7A006590AF /* Hydra-tvOS Tests.xctest */,
				64E978972043F4E600776F9A /* Demo.app */,
			);
			name = Products;
			sourceTree = "<group>";
		};
		52D6D99C1BEFF38C002C0205 /* Configs */ = {
			isa = PBXGroup;
			children = (
				DD7502721C68FC1B006590AF /* Frameworks */,
				DD7502731C68FC20006590AF /* Tests */,
			);
			path = Configs;
			sourceTree = "<group>";
		};
		64E9787A2043F49900776F9A /* Hydra */ = {
			isa = PBXGroup;
			children = (
				64E978A92043F4FA00776F9A /* Event.swift */,
				64E978AF2043F66D00776F9A /* Channel.swift */,
				64E9693D2044AD3900AFBA01 /* Channel+Makers.swift */,
				64E969492044B89300AFBA01 /* Channel+Transforms.swift */,
				6499869420458B500042EE10 /* Channel+Filters.swift */,
				64E978B52043F69900776F9A /* Subscriber.swift */,
				64E978BB2043F6C900776F9A /* Disposable.swift */,
				64E978C12043F91A00776F9A /* Mutex.swift */,
				64E969432044B29000AFBA01 /* Repeat.swift */,
				6499869A20458E690042EE10 /* Dispatch.swift */,
				649986A02045A9940042EE10 /* OptionalProtocol.swift */,
			);
			path = Hydra;
			sourceTree = "<group>";
		};
		64E978982043F4E600776F9A /* Demo */ = {
			isa = PBXGroup;
			children = (
				64E978992043F4E600776F9A /* AppDelegate.swift */,
				64E9789B2043F4E600776F9A /* ViewController.swift */,
				64E9789D2043F4E600776F9A /* Main.storyboard */,
				64E978A02043F4E600776F9A /* Assets.xcassets */,
				64E978A22043F4E600776F9A /* LaunchScreen.storyboard */,
				64E978A52043F4E600776F9A /* Info.plist */,
			);
			path = Demo;
			sourceTree = "<group>";
		};
		8933C7811EB5B7E0000D00A4 /* Sources */ = {
			isa = PBXGroup;
			children = (
				64E9787A2043F49900776F9A /* Hydra */,
				8933C7841EB5B820000D00A4 /* Hydra.swift */,
			);
			path = Sources;
			sourceTree = "<group>";
		};
		8933C7831EB5B7EB000D00A4 /* Tests */ = {
			isa = PBXGroup;
			children = (
				8933C7891EB5B82A000D00A4 /* HydraTests.swift */,
			);
			name = Tests;
			path = Tests/HydraTests;
			sourceTree = "<group>";
		};
		DD7502721C68FC1B006590AF /* Frameworks */ = {
			isa = PBXGroup;
			children = (
				AD2FAA261CD0B6D800659CF4 /* Hydra.plist */,
			);
			name = Frameworks;
			sourceTree = "<group>";
		};
		DD7502731C68FC20006590AF /* Tests */ = {
			isa = PBXGroup;
			children = (
				AD2FAA281CD0B6E100659CF4 /* HydraTests.plist */,
			);
			name = Tests;
			sourceTree = "<group>";
		};
/* End PBXGroup section */

/* Begin PBXHeadersBuildPhase section */
		52D6D9791BEFF229002C0205 /* Headers */ = {
			isa = PBXHeadersBuildPhase;
			buildActionMask = 2147483647;
			files = (
			);
			runOnlyForDeploymentPostprocessing = 0;
		};
		52D6D9DF1BEFFF6E002C0205 /* Headers */ = {
			isa = PBXHeadersBuildPhase;
			buildActionMask = 2147483647;
			files = (
			);
			runOnlyForDeploymentPostprocessing = 0;
		};
		52D6D9ED1BEFFFBE002C0205 /* Headers */ = {
			isa = PBXHeadersBuildPhase;
			buildActionMask = 2147483647;
			files = (
			);
			runOnlyForDeploymentPostprocessing = 0;
		};
		52D6DA0C1BF000BD002C0205 /* Headers */ = {
			isa = PBXHeadersBuildPhase;
			buildActionMask = 2147483647;
			files = (
			);
			runOnlyForDeploymentPostprocessing = 0;
		};
/* End PBXHeadersBuildPhase section */

/* Begin PBXNativeTarget section */
		52D6D97B1BEFF229002C0205 /* Hydra-iOS */ = {
			isa = PBXNativeTarget;
			buildConfigurationList = 52D6D9901BEFF229002C0205 /* Build configuration list for PBXNativeTarget "Hydra-iOS" */;
			buildPhases = (
				52D6D9771BEFF229002C0205 /* Sources */,
				52D6D9781BEFF229002C0205 /* Frameworks */,
				52D6D9791BEFF229002C0205 /* Headers */,
				52D6D97A1BEFF229002C0205 /* Resources */,
			);
			buildRules = (
			);
			dependencies = (
			);
			name = "Hydra-iOS";
			productName = Hydra;
			productReference = 52D6D97C1BEFF229002C0205 /* Hydra.framework */;
			productType = "com.apple.product-type.framework";
		};
		52D6D9851BEFF229002C0205 /* Hydra-iOS Tests */ = {
			isa = PBXNativeTarget;
			buildConfigurationList = 52D6D9931BEFF229002C0205 /* Build configuration list for PBXNativeTarget "Hydra-iOS Tests" */;
			buildPhases = (
				52D6D9821BEFF229002C0205 /* Sources */,
				52D6D9831BEFF229002C0205 /* Frameworks */,
				52D6D9841BEFF229002C0205 /* Resources */,
			);
			buildRules = (
			);
			dependencies = (
				52D6D9891BEFF229002C0205 /* PBXTargetDependency */,
			);
			name = "Hydra-iOS Tests";
			productName = HydraTests;
			productReference = 52D6D9861BEFF229002C0205 /* Hydra-iOS Tests.xctest */;
			productType = "com.apple.product-type.bundle.unit-test";
		};
		52D6D9E11BEFFF6E002C0205 /* Hydra-watchOS */ = {
			isa = PBXNativeTarget;
			buildConfigurationList = 52D6D9E71BEFFF6E002C0205 /* Build configuration list for PBXNativeTarget "Hydra-watchOS" */;
			buildPhases = (
				52D6D9DD1BEFFF6E002C0205 /* Sources */,
				52D6D9DE1BEFFF6E002C0205 /* Frameworks */,
				52D6D9DF1BEFFF6E002C0205 /* Headers */,
				52D6D9E01BEFFF6E002C0205 /* Resources */,
			);
			buildRules = (
			);
			dependencies = (
			);
			name = "Hydra-watchOS";
			productName = "Hydra-watchOS";
			productReference = 52D6D9E21BEFFF6E002C0205 /* Hydra.framework */;
			productType = "com.apple.product-type.framework";
		};
		52D6D9EF1BEFFFBE002C0205 /* Hydra-tvOS */ = {
			isa = PBXNativeTarget;
			buildConfigurationList = 52D6DA011BEFFFBE002C0205 /* Build configuration list for PBXNativeTarget "Hydra-tvOS" */;
			buildPhases = (
				52D6D9EB1BEFFFBE002C0205 /* Sources */,
				52D6D9EC1BEFFFBE002C0205 /* Frameworks */,
				52D6D9ED1BEFFFBE002C0205 /* Headers */,
				52D6D9EE1BEFFFBE002C0205 /* Resources */,
			);
			buildRules = (
			);
			dependencies = (
			);
			name = "Hydra-tvOS";
			productName = "Hydra-tvOS";
			productReference = 52D6D9F01BEFFFBE002C0205 /* Hydra.framework */;
			productType = "com.apple.product-type.framework";
		};
		52D6DA0E1BF000BD002C0205 /* Hydra-macOS */ = {
			isa = PBXNativeTarget;
			buildConfigurationList = 52D6DA201BF000BD002C0205 /* Build configuration list for PBXNativeTarget "Hydra-macOS" */;
			buildPhases = (
				52D6DA0A1BF000BD002C0205 /* Sources */,
				52D6DA0B1BF000BD002C0205 /* Frameworks */,
				52D6DA0C1BF000BD002C0205 /* Headers */,
				52D6DA0D1BF000BD002C0205 /* Resources */,
			);
			buildRules = (
			);
			dependencies = (
			);
			name = "Hydra-macOS";
			productName = "Hydra-macOS";
			productReference = 52D6DA0F1BF000BD002C0205 /* Hydra.framework */;
			productType = "com.apple.product-type.framework";
		};
		64E978962043F4E600776F9A /* Demo */ = {
			isa = PBXNativeTarget;
			buildConfigurationList = 64E978A62043F4E600776F9A /* Build configuration list for PBXNativeTarget "Demo" */;
			buildPhases = (
				64E978932043F4E600776F9A /* Sources */,
				64E978942043F4E600776F9A /* Frameworks */,
				64E978952043F4E600776F9A /* Resources */,
			);
			buildRules = (
			);
			dependencies = (
			);
			name = Demo;
			productName = Demo;
			productReference = 64E978972043F4E600776F9A /* Demo.app */;
			productType = "com.apple.product-type.application";
		};
		DD7502791C68FCFC006590AF /* Hydra-macOS Tests */ = {
			isa = PBXNativeTarget;
			buildConfigurationList = DD7502821C68FCFC006590AF /* Build configuration list for PBXNativeTarget "Hydra-macOS Tests" */;
			buildPhases = (
				DD7502761C68FCFC006590AF /* Sources */,
				DD7502771C68FCFC006590AF /* Frameworks */,
				DD7502781C68FCFC006590AF /* Resources */,
			);
			buildRules = (
			);
			dependencies = (
				DD7502811C68FCFC006590AF /* PBXTargetDependency */,
			);
			name = "Hydra-macOS Tests";
			productName = "Hydra-OS Tests";
			productReference = DD75027A1C68FCFC006590AF /* Hydra-macOS Tests.xctest */;
			productType = "com.apple.product-type.bundle.unit-test";
		};
		DD75028C1C690C7A006590AF /* Hydra-tvOS Tests */ = {
			isa = PBXNativeTarget;
			buildConfigurationList = DD7502951C690C7A006590AF /* Build configuration list for PBXNativeTarget "Hydra-tvOS Tests" */;
			buildPhases = (
				DD7502891C690C7A006590AF /* Sources */,
				DD75028A1C690C7A006590AF /* Frameworks */,
				DD75028B1C690C7A006590AF /* Resources */,
			);
			buildRules = (
			);
			dependencies = (
				DD7502941C690C7A006590AF /* PBXTargetDependency */,
			);
			name = "Hydra-tvOS Tests";
			productName = "Hydra-tvOS Tests";
			productReference = DD75028D1C690C7A006590AF /* Hydra-tvOS Tests.xctest */;
			productType = "com.apple.product-type.bundle.unit-test";
		};
/* End PBXNativeTarget section */

/* Begin PBXProject section */
		52D6D9731BEFF229002C0205 /* Project object */ = {
			isa = PBXProject;
			attributes = {
				LastSwiftUpdateCheck = 0920;
				LastUpgradeCheck = 0900;
				ORGANIZATIONNAME = Hydra;
				TargetAttributes = {
					52D6D97B1BEFF229002C0205 = {
						CreatedOnToolsVersion = 7.1;
						LastSwiftMigration = 0800;
					};
					52D6D9851BEFF229002C0205 = {
						CreatedOnToolsVersion = 7.1;
						LastSwiftMigration = 0800;
					};
					52D6D9E11BEFFF6E002C0205 = {
						CreatedOnToolsVersion = 7.1;
						LastSwiftMigration = 0800;
					};
					52D6D9EF1BEFFFBE002C0205 = {
						CreatedOnToolsVersion = 7.1;
						LastSwiftMigration = 0800;
					};
					52D6DA0E1BF000BD002C0205 = {
						CreatedOnToolsVersion = 7.1;
						LastSwiftMigration = 0800;
					};
					64E978962043F4E600776F9A = {
						CreatedOnToolsVersion = 9.2;
						DevelopmentTeam = E5DU3FA699;
						ProvisioningStyle = Automatic;
					};
					DD7502791C68FCFC006590AF = {
						CreatedOnToolsVersion = 7.2.1;
						LastSwiftMigration = 0800;
					};
					DD75028C1C690C7A006590AF = {
						CreatedOnToolsVersion = 7.2.1;
						LastSwiftMigration = 0800;
					};
				};
			};
			buildConfigurationList = 52D6D9761BEFF229002C0205 /* Build configuration list for PBXProject "Hydra" */;
			compatibilityVersion = "Xcode 6.3";
			developmentRegion = English;
			hasScannedForEncodings = 0;
			knownRegions = (
				en,
				Base,
			);
			mainGroup = 52D6D9721BEFF229002C0205;
			productRefGroup = 52D6D97D1BEFF229002C0205 /* Products */;
			projectDirPath = "";
			projectRoot = "";
			targets = (
				52D6D97B1BEFF229002C0205 /* Hydra-iOS */,
				52D6DA0E1BF000BD002C0205 /* Hydra-macOS */,
				52D6D9E11BEFFF6E002C0205 /* Hydra-watchOS */,
				52D6D9EF1BEFFFBE002C0205 /* Hydra-tvOS */,
				52D6D9851BEFF229002C0205 /* Hydra-iOS Tests */,
				DD7502791C68FCFC006590AF /* Hydra-macOS Tests */,
				DD75028C1C690C7A006590AF /* Hydra-tvOS Tests */,
				64E978962043F4E600776F9A /* Demo */,
			);
		};
/* End PBXProject section */

/* Begin PBXResourcesBuildPhase section */
		52D6D97A1BEFF229002C0205 /* Resources */ = {
			isa = PBXResourcesBuildPhase;
			buildActionMask = 2147483647;
			files = (
			);
			runOnlyForDeploymentPostprocessing = 0;
		};
		52D6D9841BEFF229002C0205 /* Resources */ = {
			isa = PBXResourcesBuildPhase;
			buildActionMask = 2147483647;
			files = (
			);
			runOnlyForDeploymentPostprocessing = 0;
		};
		52D6D9E01BEFFF6E002C0205 /* Resources */ = {
			isa = PBXResourcesBuildPhase;
			buildActionMask = 2147483647;
			files = (
			);
			runOnlyForDeploymentPostprocessing = 0;
		};
		52D6D9EE1BEFFFBE002C0205 /* Resources */ = {
			isa = PBXResourcesBuildPhase;
			buildActionMask = 2147483647;
			files = (
			);
			runOnlyForDeploymentPostprocessing = 0;
		};
		52D6DA0D1BF000BD002C0205 /* Resources */ = {
			isa = PBXResourcesBuildPhase;
			buildActionMask = 2147483647;
			files = (
			);
			runOnlyForDeploymentPostprocessing = 0;
		};
		64E978952043F4E600776F9A /* Resources */ = {
			isa = PBXResourcesBuildPhase;
			buildActionMask = 2147483647;
			files = (
				64E978A42043F4E600776F9A /* LaunchScreen.storyboard in Resources */,
				64E978A12043F4E600776F9A /* Assets.xcassets in Resources */,
				64E9789F2043F4E600776F9A /* Main.storyboard in Resources */,
			);
			runOnlyForDeploymentPostprocessing = 0;
		};
		DD7502781C68FCFC006590AF /* Resources */ = {
			isa = PBXResourcesBuildPhase;
			buildActionMask = 2147483647;
			files = (
			);
			runOnlyForDeploymentPostprocessing = 0;
		};
		DD75028B1C690C7A006590AF /* Resources */ = {
			isa = PBXResourcesBuildPhase;
			buildActionMask = 2147483647;
			files = (
			);
			runOnlyForDeploymentPostprocessing = 0;
		};
/* End PBXResourcesBuildPhase section */

/* Begin PBXSourcesBuildPhase section */
		52D6D9771BEFF229002C0205 /* Sources */ = {
			isa = PBXSourcesBuildPhase;
			buildActionMask = 2147483647;
			files = (
				64E969442044B29100AFBA01 /* Repeat.swift in Sources */,
				64E978AA2043F4FA00776F9A /* Event.swift in Sources */,
				64E9694A2044B89300AFBA01 /* Channel+Transforms.swift in Sources */,
				64E978B02043F66D00776F9A /* Channel.swift in Sources */,
				64E978BC2043F6C900776F9A /* Disposable.swift in Sources */,
				6499869520458B500042EE10 /* Channel+Filters.swift in Sources */,
				64E9693E2044AD3900AFBA01 /* Channel+Makers.swift in Sources */,
				6499869B20458E690042EE10 /* Dispatch.swift in Sources */,
				8933C7851EB5B820000D00A4 /* Hydra.swift in Sources */,
				649986A12045A9940042EE10 /* OptionalProtocol.swift in Sources */,
				64E978B62043F69900776F9A /* Subscriber.swift in Sources */,
				64E978C22043F91A00776F9A /* Mutex.swift in Sources */,
			);
			runOnlyForDeploymentPostprocessing = 0;
		};
		52D6D9821BEFF229002C0205 /* Sources */ = {
			isa = PBXSourcesBuildPhase;
			buildActionMask = 2147483647;
			files = (
				8933C7901EB5B82D000D00A4 /* HydraTests.swift in Sources */,
			);
			runOnlyForDeploymentPostprocessing = 0;
		};
		52D6D9DD1BEFFF6E002C0205 /* Sources */ = {
			isa = PBXSourcesBuildPhase;
			buildActionMask = 2147483647;
			files = (
				64E969462044B29100AFBA01 /* Repeat.swift in Sources */,
				64E978AC2043F4FA00776F9A /* Event.swift in Sources */,
				64E9694C2044B89300AFBA01 /* Channel+Transforms.swift in Sources */,
				64E978B22043F66D00776F9A /* Channel.swift in Sources */,
				64E978BE2043F6C900776F9A /* Disposable.swift in Sources */,
				6499869720458C0D0042EE10 /* Channel+Filters.swift in Sources */,
				64E969402044AD3900AFBA01 /* Channel+Makers.swift in Sources */,
				6499869D20458EAD0042EE10 /* Dispatch.swift in Sources */,
				8933C7871EB5B820000D00A4 /* Hydra.swift in Sources */,
				649986A32045A9970042EE10 /* OptionalProtocol.swift in Sources */,
				64E978B82043F69900776F9A /* Subscriber.swift in Sources */,
				64E978C42043F91A00776F9A /* Mutex.swift in Sources */,
			);
			runOnlyForDeploymentPostprocessing = 0;
		};
		52D6D9EB1BEFFFBE002C0205 /* Sources */ = {
			isa = PBXSourcesBuildPhase;
			buildActionMask = 2147483647;
			files = (
				64E969472044B29100AFBA01 /* Repeat.swift in Sources */,
				64E978AD2043F4FA00776F9A /* Event.swift in Sources */,
				64E9694D2044B89300AFBA01 /* Channel+Transforms.swift in Sources */,
				64E978B32043F66D00776F9A /* Channel.swift in Sources */,
				64E978BF2043F6C900776F9A /* Disposable.swift in Sources */,
				6499869820458C0D0042EE10 /* Channel+Filters.swift in Sources */,
				64E969412044AD3900AFBA01 /* Channel+Makers.swift in Sources */,
				6499869E20458EAE0042EE10 /* Dispatch.swift in Sources */,
				8933C7881EB5B820000D00A4 /* Hydra.swift in Sources */,
				649986A42045A9970042EE10 /* OptionalProtocol.swift in Sources */,
				64E978B92043F69900776F9A /* Subscriber.swift in Sources */,
				64E978C52043F91A00776F9A /* Mutex.swift in Sources */,
			);
			runOnlyForDeploymentPostprocessing = 0;
		};
		52D6DA0A1BF000BD002C0205 /* Sources */ = {
			isa = PBXSourcesBuildPhase;
			buildActionMask = 2147483647;
			files = (
				64E969452044B29100AFBA01 /* Repeat.swift in Sources */,
				64E978AB2043F4FA00776F9A /* Event.swift in Sources */,
				64E9694B2044B89300AFBA01 /* Channel+Transforms.swift in Sources */,
				64E978B12043F66D00776F9A /* Channel.swift in Sources */,
				64E978BD2043F6C900776F9A /* Disposable.swift in Sources */,
				6499869620458C0C0042EE10 /* Channel+Filters.swift in Sources */,
				64E9693F2044AD3900AFBA01 /* Channel+Makers.swift in Sources */,
				6499869C20458EAD0042EE10 /* Dispatch.swift in Sources */,
				8933C7861EB5B820000D00A4 /* Hydra.swift in Sources */,
				649986A22045A9970042EE10 /* OptionalProtocol.swift in Sources */,
				64E978B72043F69900776F9A /* Subscriber.swift in Sources */,
				64E978C32043F91A00776F9A /* Mutex.swift in Sources */,
			);
			runOnlyForDeploymentPostprocessing = 0;
		};
		64E978932043F4E600776F9A /* Sources */ = {
			isa = PBXSourcesBuildPhase;
			buildActionMask = 2147483647;
			files = (
				64E9789C2043F4E600776F9A /* ViewController.swift in Sources */,
				6499869920458C0E0042EE10 /* Channel+Filters.swift in Sources */,
				64E978C02043F6C900776F9A /* Disposable.swift in Sources */,
				64E978B42043F66D00776F9A /* Channel.swift in Sources */,
				64E978BA2043F69900776F9A /* Subscriber.swift in Sources */,
				64E969482044B29100AFBA01 /* Repeat.swift in Sources */,
				649986A52045A9980042EE10 /* OptionalProtocol.swift in Sources */,
				64E9694E2044B89300AFBA01 /* Channel+Transforms.swift in Sources */,
				64E969422044AD3900AFBA01 /* Channel+Makers.swift in Sources */,
				64E978C62043F91A00776F9A /* Mutex.swift in Sources */,
				6499869F20458EAE0042EE10 /* Dispatch.swift in Sources */,
				64E978AE2043F4FA00776F9A /* Event.swift in Sources */,
				64E9789A2043F4E600776F9A /* AppDelegate.swift in Sources */,
			);
			runOnlyForDeploymentPostprocessing = 0;
		};
		DD7502761C68FCFC006590AF /* Sources */ = {
			isa = PBXSourcesBuildPhase;
			buildActionMask = 2147483647;
			files = (
				8933C78F1EB5B82C000D00A4 /* HydraTests.swift in Sources */,
			);
			runOnlyForDeploymentPostprocessing = 0;
		};
		DD7502891C690C7A006590AF /* Sources */ = {
			isa = PBXSourcesBuildPhase;
			buildActionMask = 2147483647;
			files = (
				8933C78E1EB5B82C000D00A4 /* HydraTests.swift in Sources */,
			);
			runOnlyForDeploymentPostprocessing = 0;
		};
/* End PBXSourcesBuildPhase section */

/* Begin PBXTargetDependency section */
		52D6D9891BEFF229002C0205 /* PBXTargetDependency */ = {
			isa = PBXTargetDependency;
			target = 52D6D97B1BEFF229002C0205 /* Hydra-iOS */;
			targetProxy = 52D6D9881BEFF229002C0205 /* PBXContainerItemProxy */;
		};
		DD7502811C68FCFC006590AF /* PBXTargetDependency */ = {
			isa = PBXTargetDependency;
			target = 52D6DA0E1BF000BD002C0205 /* Hydra-macOS */;
			targetProxy = DD7502801C68FCFC006590AF /* PBXContainerItemProxy */;
		};
		DD7502941C690C7A006590AF /* PBXTargetDependency */ = {
			isa = PBXTargetDependency;
			target = 52D6D9EF1BEFFFBE002C0205 /* Hydra-tvOS */;
			targetProxy = DD7502931C690C7A006590AF /* PBXContainerItemProxy */;
		};
/* End PBXTargetDependency section */

/* Begin PBXVariantGroup section */
		64E9789D2043F4E600776F9A /* Main.storyboard */ = {
			isa = PBXVariantGroup;
			children = (
				64E9789E2043F4E600776F9A /* Base */,
			);
			name = Main.storyboard;
			sourceTree = "<group>";
		};
		64E978A22043F4E600776F9A /* LaunchScreen.storyboard */ = {
			isa = PBXVariantGroup;
			children = (
				64E978A32043F4E600776F9A /* Base */,
			);
			name = LaunchScreen.storyboard;
			sourceTree = "<group>";
		};
/* End PBXVariantGroup section */

/* Begin XCBuildConfiguration section */
		52D6D98E1BEFF229002C0205 /* Debug */ = {
			isa = XCBuildConfiguration;
			buildSettings = {
				ALWAYS_SEARCH_USER_PATHS = NO;
				CLANG_CXX_LANGUAGE_STANDARD = "gnu++0x";
				CLANG_CXX_LIBRARY = "libc++";
				CLANG_ENABLE_MODULES = YES;
				CLANG_ENABLE_OBJC_ARC = YES;
				CLANG_WARN_BLOCK_CAPTURE_AUTORELEASING = YES;
				CLANG_WARN_BOOL_CONVERSION = YES;
				CLANG_WARN_COMMA = YES;
				CLANG_WARN_CONSTANT_CONVERSION = YES;
				CLANG_WARN_DIRECT_OBJC_ISA_USAGE = YES_ERROR;
				CLANG_WARN_EMPTY_BODY = YES;
				CLANG_WARN_ENUM_CONVERSION = YES;
				CLANG_WARN_INFINITE_RECURSION = YES;
				CLANG_WARN_INT_CONVERSION = YES;
				CLANG_WARN_NON_LITERAL_NULL_CONVERSION = YES;
				CLANG_WARN_OBJC_LITERAL_CONVERSION = YES;
				CLANG_WARN_OBJC_ROOT_CLASS = YES_ERROR;
				CLANG_WARN_RANGE_LOOP_ANALYSIS = YES;
				CLANG_WARN_STRICT_PROTOTYPES = YES;
				CLANG_WARN_SUSPICIOUS_MOVE = YES;
				CLANG_WARN_UNREACHABLE_CODE = YES;
				CLANG_WARN__DUPLICATE_METHOD_MATCH = YES;
				"CODE_SIGN_IDENTITY[sdk=iphoneos*]" = "iPhone Developer";
				COPY_PHASE_STRIP = NO;
				CURRENT_PROJECT_VERSION = 1;
				DEBUG_INFORMATION_FORMAT = dwarf;
				ENABLE_STRICT_OBJC_MSGSEND = YES;
				ENABLE_TESTABILITY = YES;
				GCC_C_LANGUAGE_STANDARD = gnu99;
				GCC_DYNAMIC_NO_PIC = NO;
				GCC_NO_COMMON_BLOCKS = YES;
				GCC_OPTIMIZATION_LEVEL = 0;
				GCC_PREPROCESSOR_DEFINITIONS = (
					"DEBUG=1",
					"$(inherited)",
				);
				GCC_WARN_64_TO_32_BIT_CONVERSION = YES;
				GCC_WARN_ABOUT_RETURN_TYPE = YES_ERROR;
				GCC_WARN_UNDECLARED_SELECTOR = YES;
				GCC_WARN_UNINITIALIZED_AUTOS = YES_AGGRESSIVE;
				GCC_WARN_UNUSED_FUNCTION = YES;
				GCC_WARN_UNUSED_VARIABLE = YES;
				IPHONEOS_DEPLOYMENT_TARGET = 8.0;
				MTL_ENABLE_DEBUG_INFO = YES;
				ONLY_ACTIVE_ARCH = YES;
				SDKROOT = iphoneos;
				SWIFT_OPTIMIZATION_LEVEL = "-Onone";
				SWIFT_VERSION = 4.0;
				TARGETED_DEVICE_FAMILY = "1,2";
				VERSIONING_SYSTEM = "apple-generic";
				VERSION_INFO_PREFIX = "";
			};
			name = Debug;
		};
		52D6D98F1BEFF229002C0205 /* Release */ = {
			isa = XCBuildConfiguration;
			buildSettings = {
				ALWAYS_SEARCH_USER_PATHS = NO;
				CLANG_CXX_LANGUAGE_STANDARD = "gnu++0x";
				CLANG_CXX_LIBRARY = "libc++";
				CLANG_ENABLE_MODULES = YES;
				CLANG_ENABLE_OBJC_ARC = YES;
				CLANG_WARN_BLOCK_CAPTURE_AUTORELEASING = YES;
				CLANG_WARN_BOOL_CONVERSION = YES;
				CLANG_WARN_COMMA = YES;
				CLANG_WARN_CONSTANT_CONVERSION = YES;
				CLANG_WARN_DIRECT_OBJC_ISA_USAGE = YES_ERROR;
				CLANG_WARN_EMPTY_BODY = YES;
				CLANG_WARN_ENUM_CONVERSION = YES;
				CLANG_WARN_INFINITE_RECURSION = YES;
				CLANG_WARN_INT_CONVERSION = YES;
				CLANG_WARN_NON_LITERAL_NULL_CONVERSION = YES;
				CLANG_WARN_OBJC_LITERAL_CONVERSION = YES;
				CLANG_WARN_OBJC_ROOT_CLASS = YES_ERROR;
				CLANG_WARN_RANGE_LOOP_ANALYSIS = YES;
				CLANG_WARN_STRICT_PROTOTYPES = YES;
				CLANG_WARN_SUSPICIOUS_MOVE = YES;
				CLANG_WARN_UNREACHABLE_CODE = YES;
				CLANG_WARN__DUPLICATE_METHOD_MATCH = YES;
				"CODE_SIGN_IDENTITY[sdk=iphoneos*]" = "iPhone Developer";
				COPY_PHASE_STRIP = NO;
				CURRENT_PROJECT_VERSION = 1;
				DEBUG_INFORMATION_FORMAT = "dwarf-with-dsym";
				ENABLE_NS_ASSERTIONS = NO;
				ENABLE_STRICT_OBJC_MSGSEND = YES;
				GCC_C_LANGUAGE_STANDARD = gnu99;
				GCC_NO_COMMON_BLOCKS = YES;
				GCC_WARN_64_TO_32_BIT_CONVERSION = YES;
				GCC_WARN_ABOUT_RETURN_TYPE = YES_ERROR;
				GCC_WARN_UNDECLARED_SELECTOR = YES;
				GCC_WARN_UNINITIALIZED_AUTOS = YES_AGGRESSIVE;
				GCC_WARN_UNUSED_FUNCTION = YES;
				GCC_WARN_UNUSED_VARIABLE = YES;
				IPHONEOS_DEPLOYMENT_TARGET = 8.0;
				MTL_ENABLE_DEBUG_INFO = NO;
				SDKROOT = iphoneos;
				SWIFT_VERSION = 4.0;
				TARGETED_DEVICE_FAMILY = "1,2";
				VALIDATE_PRODUCT = YES;
				VERSIONING_SYSTEM = "apple-generic";
				VERSION_INFO_PREFIX = "";
			};
			name = Release;
		};
		52D6D9911BEFF229002C0205 /* Debug */ = {
			isa = XCBuildConfiguration;
			buildSettings = {
				APPLICATION_EXTENSION_API_ONLY = YES;
				CLANG_ENABLE_MODULES = YES;
				"CODE_SIGN_IDENTITY[sdk=iphoneos*]" = "";
				DEFINES_MODULE = YES;
				DYLIB_COMPATIBILITY_VERSION = 1;
				DYLIB_CURRENT_VERSION = 1;
				DYLIB_INSTALL_NAME_BASE = "@rpath";
				INFOPLIST_FILE = Configs/Hydra.plist;
				INSTALL_PATH = "$(LOCAL_LIBRARY_DIR)/Frameworks";
				IPHONEOS_DEPLOYMENT_TARGET = 8.0;
				LD_RUNPATH_SEARCH_PATHS = "$(inherited) @executable_path/Frameworks @loader_path/Frameworks";
				ONLY_ACTIVE_ARCH = NO;
				PRODUCT_BUNDLE_IDENTIFIER = "com.Hydra.Hydra-iOS";
				PRODUCT_NAME = Hydra;
				SKIP_INSTALL = YES;
				SWIFT_OPTIMIZATION_LEVEL = "-Onone";
				SWIFT_VERSION = 4.0;
			};
			name = Debug;
		};
		52D6D9921BEFF229002C0205 /* Release */ = {
			isa = XCBuildConfiguration;
			buildSettings = {
				APPLICATION_EXTENSION_API_ONLY = YES;
				CLANG_ENABLE_MODULES = YES;
				"CODE_SIGN_IDENTITY[sdk=iphoneos*]" = "";
				DEFINES_MODULE = YES;
				DYLIB_COMPATIBILITY_VERSION = 1;
				DYLIB_CURRENT_VERSION = 1;
				DYLIB_INSTALL_NAME_BASE = "@rpath";
				INFOPLIST_FILE = Configs/Hydra.plist;
				INSTALL_PATH = "$(LOCAL_LIBRARY_DIR)/Frameworks";
				IPHONEOS_DEPLOYMENT_TARGET = 8.0;
				LD_RUNPATH_SEARCH_PATHS = "$(inherited) @executable_path/Frameworks @loader_path/Frameworks";
				PRODUCT_BUNDLE_IDENTIFIER = "com.Hydra.Hydra-iOS";
				PRODUCT_NAME = Hydra;
				SKIP_INSTALL = YES;
				SWIFT_OPTIMIZATION_LEVEL = "-Owholemodule";
				SWIFT_VERSION = 4.0;
			};
			name = Release;
		};
		52D6D9941BEFF229002C0205 /* Debug */ = {
			isa = XCBuildConfiguration;
			buildSettings = {
				CLANG_ENABLE_MODULES = YES;
				INFOPLIST_FILE = Configs/HydraTests.plist;
				LD_RUNPATH_SEARCH_PATHS = "$(inherited) @executable_path/Frameworks @loader_path/Frameworks";
				PRODUCT_BUNDLE_IDENTIFIER = "com.Hydra.Hydra-iOS-Tests";
				PRODUCT_NAME = "$(TARGET_NAME)";
				SWIFT_OPTIMIZATION_LEVEL = "-Onone";
				SWIFT_VERSION = 4.0;
			};
			name = Debug;
		};
		52D6D9951BEFF229002C0205 /* Release */ = {
			isa = XCBuildConfiguration;
			buildSettings = {
				CLANG_ENABLE_MODULES = YES;
				INFOPLIST_FILE = Configs/HydraTests.plist;
				LD_RUNPATH_SEARCH_PATHS = "$(inherited) @executable_path/Frameworks @loader_path/Frameworks";
				PRODUCT_BUNDLE_IDENTIFIER = "com.Hydra.Hydra-iOS-Tests";
				PRODUCT_NAME = "$(TARGET_NAME)";
				SWIFT_OPTIMIZATION_LEVEL = "-Owholemodule";
				SWIFT_VERSION = 4.0;
			};
			name = Release;
		};
		52D6D9E81BEFFF6E002C0205 /* Debug */ = {
			isa = XCBuildConfiguration;
			buildSettings = {
				APPLICATION_EXTENSION_API_ONLY = YES;
				"CODE_SIGN_IDENTITY[sdk=watchos*]" = "";
				DEFINES_MODULE = YES;
				DYLIB_COMPATIBILITY_VERSION = 1;
				DYLIB_CURRENT_VERSION = 1;
				DYLIB_INSTALL_NAME_BASE = "@rpath";
				INFOPLIST_FILE = Configs/Hydra.plist;
				INSTALL_PATH = "$(LOCAL_LIBRARY_DIR)/Frameworks";
				LD_RUNPATH_SEARCH_PATHS = "$(inherited) @executable_path/Frameworks @loader_path/Frameworks";
				PRODUCT_BUNDLE_IDENTIFIER = "com.Hydra.Hydra-watchOS";
				PRODUCT_NAME = Hydra;
				SDKROOT = watchos;
				SKIP_INSTALL = YES;
				SWIFT_VERSION = 4.0;
				TARGETED_DEVICE_FAMILY = 4;
				WATCHOS_DEPLOYMENT_TARGET = 2.0;
			};
			name = Debug;
		};
		52D6D9E91BEFFF6E002C0205 /* Release */ = {
			isa = XCBuildConfiguration;
			buildSettings = {
				APPLICATION_EXTENSION_API_ONLY = YES;
				"CODE_SIGN_IDENTITY[sdk=watchos*]" = "";
				DEFINES_MODULE = YES;
				DYLIB_COMPATIBILITY_VERSION = 1;
				DYLIB_CURRENT_VERSION = 1;
				DYLIB_INSTALL_NAME_BASE = "@rpath";
				INFOPLIST_FILE = Configs/Hydra.plist;
				INSTALL_PATH = "$(LOCAL_LIBRARY_DIR)/Frameworks";
				LD_RUNPATH_SEARCH_PATHS = "$(inherited) @executable_path/Frameworks @loader_path/Frameworks";
				PRODUCT_BUNDLE_IDENTIFIER = "com.Hydra.Hydra-watchOS";
				PRODUCT_NAME = Hydra;
				SDKROOT = watchos;
				SKIP_INSTALL = YES;
				SWIFT_OPTIMIZATION_LEVEL = "-Owholemodule";
				SWIFT_VERSION = 4.0;
				TARGETED_DEVICE_FAMILY = 4;
				WATCHOS_DEPLOYMENT_TARGET = 2.0;
			};
			name = Release;
		};
		52D6DA021BEFFFBE002C0205 /* Debug */ = {
			isa = XCBuildConfiguration;
			buildSettings = {
				APPLICATION_EXTENSION_API_ONLY = YES;
				"CODE_SIGN_IDENTITY[sdk=appletvos*]" = "";
				DEFINES_MODULE = YES;
				DYLIB_COMPATIBILITY_VERSION = 1;
				DYLIB_CURRENT_VERSION = 1;
				DYLIB_INSTALL_NAME_BASE = "@rpath";
				INFOPLIST_FILE = Configs/Hydra.plist;
				INSTALL_PATH = "$(LOCAL_LIBRARY_DIR)/Frameworks";
				LD_RUNPATH_SEARCH_PATHS = "$(inherited) @executable_path/Frameworks @loader_path/Frameworks";
				PRODUCT_BUNDLE_IDENTIFIER = "com.Hydra.Hydra-tvOS";
				PRODUCT_NAME = Hydra;
				SDKROOT = appletvos;
				SKIP_INSTALL = YES;
				SWIFT_VERSION = 4.0;
				TARGETED_DEVICE_FAMILY = 3;
				TVOS_DEPLOYMENT_TARGET = 9.0;
			};
			name = Debug;
		};
		52D6DA031BEFFFBE002C0205 /* Release */ = {
			isa = XCBuildConfiguration;
			buildSettings = {
				APPLICATION_EXTENSION_API_ONLY = YES;
				"CODE_SIGN_IDENTITY[sdk=appletvos*]" = "";
				DEFINES_MODULE = YES;
				DYLIB_COMPATIBILITY_VERSION = 1;
				DYLIB_CURRENT_VERSION = 1;
				DYLIB_INSTALL_NAME_BASE = "@rpath";
				INFOPLIST_FILE = Configs/Hydra.plist;
				INSTALL_PATH = "$(LOCAL_LIBRARY_DIR)/Frameworks";
				LD_RUNPATH_SEARCH_PATHS = "$(inherited) @executable_path/Frameworks @loader_path/Frameworks";
				PRODUCT_BUNDLE_IDENTIFIER = "com.Hydra.Hydra-tvOS";
				PRODUCT_NAME = Hydra;
				SDKROOT = appletvos;
				SKIP_INSTALL = YES;
				SWIFT_OPTIMIZATION_LEVEL = "-Owholemodule";
				SWIFT_VERSION = 4.0;
				TARGETED_DEVICE_FAMILY = 3;
				TVOS_DEPLOYMENT_TARGET = 9.0;
			};
			name = Release;
		};
		52D6DA211BF000BD002C0205 /* Debug */ = {
			isa = XCBuildConfiguration;
			buildSettings = {
				APPLICATION_EXTENSION_API_ONLY = YES;
				CODE_SIGN_IDENTITY = "-";
				COMBINE_HIDPI_IMAGES = YES;
				DEFINES_MODULE = YES;
				DYLIB_COMPATIBILITY_VERSION = 1;
				DYLIB_CURRENT_VERSION = 1;
				DYLIB_INSTALL_NAME_BASE = "@rpath";
				FRAMEWORK_VERSION = A;
				INFOPLIST_FILE = Configs/Hydra.plist;
				INSTALL_PATH = "$(LOCAL_LIBRARY_DIR)/Frameworks";
				LD_RUNPATH_SEARCH_PATHS = "$(inherited) @executable_path/../Frameworks @loader_path/Frameworks";
				MACOSX_DEPLOYMENT_TARGET = 10.10;
				PRODUCT_BUNDLE_IDENTIFIER = "com.Hydra.Hydra-macOS";
				PRODUCT_NAME = Hydra;
				SDKROOT = macosx;
				SKIP_INSTALL = YES;
				SWIFT_VERSION = 4.0;
			};
			name = Debug;
		};
		52D6DA221BF000BD002C0205 /* Release */ = {
			isa = XCBuildConfiguration;
			buildSettings = {
				APPLICATION_EXTENSION_API_ONLY = YES;
				CODE_SIGN_IDENTITY = "-";
				COMBINE_HIDPI_IMAGES = YES;
				DEFINES_MODULE = YES;
				DYLIB_COMPATIBILITY_VERSION = 1;
				DYLIB_CURRENT_VERSION = 1;
				DYLIB_INSTALL_NAME_BASE = "@rpath";
				FRAMEWORK_VERSION = A;
				INFOPLIST_FILE = Configs/Hydra.plist;
				INSTALL_PATH = "$(LOCAL_LIBRARY_DIR)/Frameworks";
				LD_RUNPATH_SEARCH_PATHS = "$(inherited) @executable_path/../Frameworks @loader_path/Frameworks";
				MACOSX_DEPLOYMENT_TARGET = 10.10;
				PRODUCT_BUNDLE_IDENTIFIER = "com.Hydra.Hydra-macOS";
				PRODUCT_NAME = Hydra;
				SDKROOT = macosx;
				SKIP_INSTALL = YES;
				SWIFT_OPTIMIZATION_LEVEL = "-Owholemodule";
				SWIFT_VERSION = 4.0;
			};
			name = Release;
		};
		64E978A72043F4E600776F9A /* Debug */ = {
			isa = XCBuildConfiguration;
			buildSettings = {
				ASSETCATALOG_COMPILER_APPICON_NAME = AppIcon;
				CLANG_ANALYZER_NONNULL = YES;
				CLANG_ANALYZER_NUMBER_OBJECT_CONVERSION = YES_AGGRESSIVE;
				CLANG_CXX_LANGUAGE_STANDARD = "gnu++14";
				CLANG_WARN_DOCUMENTATION_COMMENTS = YES;
				CLANG_WARN_UNGUARDED_AVAILABILITY = YES_AGGRESSIVE;
				CODE_SIGN_IDENTITY = "iPhone Developer";
				CODE_SIGN_STYLE = Automatic;
				DEVELOPMENT_TEAM = E5DU3FA699;
				GCC_C_LANGUAGE_STANDARD = gnu11;
				INFOPLIST_FILE = Demo/Info.plist;
				IPHONEOS_DEPLOYMENT_TARGET = 11.2;
				LD_RUNPATH_SEARCH_PATHS = "$(inherited) @executable_path/Frameworks";
				PRODUCT_BUNDLE_IDENTIFIER = com.breakfastcode.Demo;
				PRODUCT_NAME = "$(TARGET_NAME)";
				SWIFT_ACTIVE_COMPILATION_CONDITIONS = DEBUG;
				SWIFT_VERSION = 4.0;
				TARGETED_DEVICE_FAMILY = "1,2";
			};
			name = Debug;
		};
		64E978A82043F4E600776F9A /* Release */ = {
			isa = XCBuildConfiguration;
			buildSettings = {
				ASSETCATALOG_COMPILER_APPICON_NAME = AppIcon;
				CLANG_ANALYZER_NONNULL = YES;
				CLANG_ANALYZER_NUMBER_OBJECT_CONVERSION = YES_AGGRESSIVE;
				CLANG_CXX_LANGUAGE_STANDARD = "gnu++14";
				CLANG_WARN_DOCUMENTATION_COMMENTS = YES;
				CLANG_WARN_UNGUARDED_AVAILABILITY = YES_AGGRESSIVE;
				CODE_SIGN_IDENTITY = "iPhone Developer";
				CODE_SIGN_STYLE = Automatic;
				DEVELOPMENT_TEAM = E5DU3FA699;
				GCC_C_LANGUAGE_STANDARD = gnu11;
				INFOPLIST_FILE = Demo/Info.plist;
				IPHONEOS_DEPLOYMENT_TARGET = 11.2;
				LD_RUNPATH_SEARCH_PATHS = "$(inherited) @executable_path/Frameworks";
				PRODUCT_BUNDLE_IDENTIFIER = com.breakfastcode.Demo;
				PRODUCT_NAME = "$(TARGET_NAME)";
				SWIFT_OPTIMIZATION_LEVEL = "-Owholemodule";
				SWIFT_VERSION = 4.0;
				TARGETED_DEVICE_FAMILY = "1,2";
			};
			name = Release;
		};
		DD7502831C68FCFC006590AF /* Debug */ = {
			isa = XCBuildConfiguration;
			buildSettings = {
				CODE_SIGN_IDENTITY = "-";
				COMBINE_HIDPI_IMAGES = YES;
				INFOPLIST_FILE = Configs/HydraTests.plist;
				LD_RUNPATH_SEARCH_PATHS = "$(inherited) @executable_path/../Frameworks @loader_path/../Frameworks";
				MACOSX_DEPLOYMENT_TARGET = 10.11;
				PRODUCT_BUNDLE_IDENTIFIER = "com.Hydra.Hydra-macOS-Tests";
				PRODUCT_NAME = "$(TARGET_NAME)";
				SDKROOT = macosx;
				SWIFT_VERSION = 4.0;
			};
			name = Debug;
		};
		DD7502841C68FCFC006590AF /* Release */ = {
			isa = XCBuildConfiguration;
			buildSettings = {
				CODE_SIGN_IDENTITY = "-";
				COMBINE_HIDPI_IMAGES = YES;
				INFOPLIST_FILE = Configs/HydraTests.plist;
				LD_RUNPATH_SEARCH_PATHS = "$(inherited) @executable_path/../Frameworks @loader_path/../Frameworks";
				MACOSX_DEPLOYMENT_TARGET = 10.11;
				PRODUCT_BUNDLE_IDENTIFIER = "com.Hydra.Hydra-macOS-Tests";
				PRODUCT_NAME = "$(TARGET_NAME)";
				SDKROOT = macosx;
				SWIFT_OPTIMIZATION_LEVEL = "-Owholemodule";
				SWIFT_VERSION = 4.0;
			};
			name = Release;
		};
		DD7502961C690C7A006590AF /* Debug */ = {
			isa = XCBuildConfiguration;
			buildSettings = {
				INFOPLIST_FILE = Configs/HydraTests.plist;
				LD_RUNPATH_SEARCH_PATHS = "$(inherited) @executable_path/Frameworks @loader_path/Frameworks";
				PRODUCT_BUNDLE_IDENTIFIER = "com.Hydra.Hydra-tvOS-Tests";
				PRODUCT_NAME = "$(TARGET_NAME)";
				SDKROOT = appletvos;
				SWIFT_VERSION = 4.0;
				TVOS_DEPLOYMENT_TARGET = 9.1;
			};
			name = Debug;
		};
		DD7502971C690C7A006590AF /* Release */ = {
			isa = XCBuildConfiguration;
			buildSettings = {
				INFOPLIST_FILE = Configs/HydraTests.plist;
				LD_RUNPATH_SEARCH_PATHS = "$(inherited) @executable_path/Frameworks @loader_path/Frameworks";
				PRODUCT_BUNDLE_IDENTIFIER = "com.Hydra.Hydra-tvOS-Tests";
				PRODUCT_NAME = "$(TARGET_NAME)";
				SDKROOT = appletvos;
				SWIFT_OPTIMIZATION_LEVEL = "-Owholemodule";
				SWIFT_VERSION = 4.0;
				TVOS_DEPLOYMENT_TARGET = 9.1;
			};
			name = Release;
		};
/* End XCBuildConfiguration section */

/* Begin XCConfigurationList section */
		52D6D9761BEFF229002C0205 /* Build configuration list for PBXProject "Hydra" */ = {
			isa = XCConfigurationList;
			buildConfigurations = (
				52D6D98E1BEFF229002C0205 /* Debug */,
				52D6D98F1BEFF229002C0205 /* Release */,
			);
			defaultConfigurationIsVisible = 0;
			defaultConfigurationName = Release;
		};
		52D6D9901BEFF229002C0205 /* Build configuration list for PBXNativeTarget "Hydra-iOS" */ = {
			isa = XCConfigurationList;
			buildConfigurations = (
				52D6D9911BEFF229002C0205 /* Debug */,
				52D6D9921BEFF229002C0205 /* Release */,
			);
			defaultConfigurationIsVisible = 0;
			defaultConfigurationName = Release;
		};
		52D6D9931BEFF229002C0205 /* Build configuration list for PBXNativeTarget "Hydra-iOS Tests" */ = {
			isa = XCConfigurationList;
			buildConfigurations = (
				52D6D9941BEFF229002C0205 /* Debug */,
				52D6D9951BEFF229002C0205 /* Release */,
			);
			defaultConfigurationIsVisible = 0;
			defaultConfigurationName = Release;
		};
		52D6D9E71BEFFF6E002C0205 /* Build configuration list for PBXNativeTarget "Hydra-watchOS" */ = {
			isa = XCConfigurationList;
			buildConfigurations = (
				52D6D9E81BEFFF6E002C0205 /* Debug */,
				52D6D9E91BEFFF6E002C0205 /* Release */,
			);
			defaultConfigurationIsVisible = 0;
			defaultConfigurationName = Release;
		};
		52D6DA011BEFFFBE002C0205 /* Build configuration list for PBXNativeTarget "Hydra-tvOS" */ = {
			isa = XCConfigurationList;
			buildConfigurations = (
				52D6DA021BEFFFBE002C0205 /* Debug */,
				52D6DA031BEFFFBE002C0205 /* Release */,
			);
			defaultConfigurationIsVisible = 0;
			defaultConfigurationName = Release;
		};
		52D6DA201BF000BD002C0205 /* Build configuration list for PBXNativeTarget "Hydra-macOS" */ = {
			isa = XCConfigurationList;
			buildConfigurations = (
				52D6DA211BF000BD002C0205 /* Debug */,
				52D6DA221BF000BD002C0205 /* Release */,
			);
			defaultConfigurationIsVisible = 0;
			defaultConfigurationName = Release;
		};
		64E978A62043F4E600776F9A /* Build configuration list for PBXNativeTarget "Demo" */ = {
			isa = XCConfigurationList;
			buildConfigurations = (
				64E978A72043F4E600776F9A /* Debug */,
				64E978A82043F4E600776F9A /* Release */,
			);
			defaultConfigurationIsVisible = 0;
			defaultConfigurationName = Release;
		};
		DD7502821C68FCFC006590AF /* Build configuration list for PBXNativeTarget "Hydra-macOS Tests" */ = {
			isa = XCConfigurationList;
			buildConfigurations = (
				DD7502831C68FCFC006590AF /* Debug */,
				DD7502841C68FCFC006590AF /* Release */,
			);
			defaultConfigurationIsVisible = 0;
			defaultConfigurationName = Release;
		};
		DD7502951C690C7A006590AF /* Build configuration list for PBXNativeTarget "Hydra-tvOS Tests" */ = {
			isa = XCConfigurationList;
			buildConfigurations = (
				DD7502961C690C7A006590AF /* Debug */,
				DD7502971C690C7A006590AF /* Release */,
			);
			defaultConfigurationIsVisible = 0;
			defaultConfigurationName = Release;
		};
/* End XCConfigurationList section */
	};
	rootObject = 52D6D9731BEFF229002C0205 /* Project object */;
}
